// !$*UTF8*$!
{
	archiveVersion = 1;
	classes = {
	};
	objectVersion = 48;
	objects = {

/* Begin PBXBuildFile section */
		1B3B55432086F5C400DA940E /* AppDelegate.m in Sources */ = {isa = PBXBuildFile; fileRef = 1B3B55422086F5C400DA940E /* AppDelegate.m */; };
		1B3B55462086F5C400DA940E /* ViewController.m in Sources */ = {isa = PBXBuildFile; fileRef = 1B3B55452086F5C400DA940E /* ViewController.m */; };
		1B3B55492086F5C400DA940E /* Main.storyboard in Resources */ = {isa = PBXBuildFile; fileRef = 1B3B55472086F5C400DA940E /* Main.storyboard */; };
		1B3B554B2086F5C400DA940E /* Assets.xcassets in Resources */ = {isa = PBXBuildFile; fileRef = 1B3B554A2086F5C400DA940E /* Assets.xcassets */; };
		1B3B554E2086F5C400DA940E /* LaunchScreen.storyboard in Resources */ = {isa = PBXBuildFile; fileRef = 1B3B554C2086F5C400DA940E /* LaunchScreen.storyboard */; };
		1B3B55512086F5C400DA940E /* main.m in Sources */ = {isa = PBXBuildFile; fileRef = 1B3B55502086F5C400DA940E /* main.m */; };
		1B3B555B2086F5C400DA940E /* CJWVideoListPlayTests.m in Sources */ = {isa = PBXBuildFile; fileRef = 1B3B555A2086F5C400DA940E /* CJWVideoListPlayTests.m */; };
		1B3B55662086F5C400DA940E /* CJWVideoListPlayUITests.m in Sources */ = {isa = PBXBuildFile; fileRef = 1B3B55652086F5C400DA940E /* CJWVideoListPlayUITests.m */; };
/* End PBXBuildFile section */

/* Begin PBXContainerItemProxy section */
		1B3B55572086F5C400DA940E /* PBXContainerItemProxy */ = {
			isa = PBXContainerItemProxy;
			containerPortal = 1B3B55362086F5C400DA940E /* Project object */;
			proxyType = 1;
			remoteGlobalIDString = 1B3B553D2086F5C400DA940E;
			remoteInfo = CJWVideoListPlay;
		};
		1B3B55622086F5C400DA940E /* PBXContainerItemProxy */ = {
			isa = PBXContainerItemProxy;
			containerPortal = 1B3B55362086F5C400DA940E /* Project object */;
			proxyType = 1;
			remoteGlobalIDString = 1B3B553D2086F5C400DA940E;
			remoteInfo = CJWVideoListPlay;
		};
/* End PBXContainerItemProxy section */

/* Begin PBXFileReference section */
		1B3B553E2086F5C400DA940E /* CJWVideoListPlay.app */ = {isa = PBXFileReference; explicitFileType = wrapper.application; includeInIndex = 0; path = CJWVideoListPlay.app; sourceTree = BUILT_PRODUCTS_DIR; };
		1B3B55412086F5C400DA940E /* AppDelegate.h */ = {isa = PBXFileReference; lastKnownFileType = sourcecode.c.h; path = AppDelegate.h; sourceTree = "<group>"; };
		1B3B55422086F5C400DA940E /* AppDelegate.m */ = {isa = PBXFileReference; lastKnownFileType = sourcecode.c.objc; path = AppDelegate.m; sourceTree = "<group>"; };
		1B3B55442086F5C400DA940E /* ViewController.h */ = {isa = PBXFileReference; lastKnownFileType = sourcecode.c.h; path = ViewController.h; sourceTree = "<group>"; };
		1B3B55452086F5C400DA940E /* ViewController.m */ = {isa = PBXFileReference; lastKnownFileType = sourcecode.c.objc; path = ViewController.m; sourceTree = "<group>"; };
		1B3B55482086F5C400DA940E /* Base */ = {isa = PBXFileReference; lastKnownFileType = file.storyboard; name = Base; path = Base.lproj/Main.storyboard; sourceTree = "<group>"; };
		1B3B554A2086F5C400DA940E /* Assets.xcassets */ = {isa = PBXFileReference; lastKnownFileType = folder.assetcatalog; path = Assets.xcassets; sourceTree = "<group>"; };
		1B3B554D2086F5C400DA940E /* Base */ = {isa = PBXFileReference; lastKnownFileType = file.storyboard; name = Base; path = Base.lproj/LaunchScreen.storyboard; sourceTree = "<group>"; };
		1B3B554F2086F5C400DA940E /* Info.plist */ = {isa = PBXFileReference; lastKnownFileType = text.plist.xml; path = Info.plist; sourceTree = "<group>"; };
		1B3B55502086F5C400DA940E /* main.m */ = {isa = PBXFileReference; lastKnownFileType = sourcecode.c.objc; path = main.m; sourceTree = "<group>"; };
		1B3B55562086F5C400DA940E /* CJWVideoListPlayTests.xctest */ = {isa = PBXFileReference; explicitFileType = wrapper.cfbundle; includeInIndex = 0; path = CJWVideoListPlayTests.xctest; sourceTree = BUILT_PRODUCTS_DIR; };
		1B3B555A2086F5C400DA940E /* CJWVideoListPlayTests.m */ = {isa = PBXFileReference; lastKnownFileType = sourcecode.c.objc; path = CJWVideoListPlayTests.m; sourceTree = "<group>"; };
		1B3B555C2086F5C400DA940E /* Info.plist */ = {isa = PBXFileReference; lastKnownFileType = text.plist.xml; path = Info.plist; sourceTree = "<group>"; };
		1B3B55612086F5C400DA940E /* CJWVideoListPlayUITests.xctest */ = {isa = PBXFileReference; explicitFileType = wrapper.cfbundle; includeInIndex = 0; path = CJWVideoListPlayUITests.xctest; sourceTree = BUILT_PRODUCTS_DIR; };
		1B3B55652086F5C400DA940E /* CJWVideoListPlayUITests.m */ = {isa = PBXFileReference; lastKnownFileType = sourcecode.c.objc; path = CJWVideoListPlayUITests.m; sourceTree = "<group>"; };
		1B3B55672086F5C400DA940E /* Info.plist */ = {isa = PBXFileReference; lastKnownFileType = text.plist.xml; path = Info.plist; sourceTree = "<group>"; };
/* End PBXFileReference section */

/* Begin PBXFrameworksBuildPhase section */
		1B3B553B2086F5C400DA940E /* Frameworks */ = {
			isa = PBXFrameworksBuildPhase;
			buildActionMask = 2147483647;
			files = (
			);
			runOnlyForDeploymentPostprocessing = 0;
		};
		1B3B55532086F5C400DA940E /* Frameworks */ = {
			isa = PBXFrameworksBuildPhase;
			buildActionMask = 2147483647;
			files = (
			);
			runOnlyForDeploymentPostprocessing = 0;
		};
		1B3B555E2086F5C400DA940E /* Frameworks */ = {
			isa = PBXFrameworksBuildPhase;
			buildActionMask = 2147483647;
			files = (
			);
			runOnlyForDeploymentPostprocessing = 0;
		};
/* End PBXFrameworksBuildPhase section */

/* Begin PBXGroup section */
		1B3B55352086F5C400DA940E = {
			isa = PBXGroup;
			children = (
				1B3B55402086F5C400DA940E /* CJWVideoListPlay */,
				1B3B55592086F5C400DA940E /* CJWVideoListPlayTests */,
				1B3B55642086F5C400DA940E /* CJWVideoListPlayUITests */,
				1B3B553F2086F5C400DA940E /* Products */,
			);
			sourceTree = "<group>";
		};
		1B3B553F2086F5C400DA940E /* Products */ = {
			isa = PBXGroup;
			children = (
				1B3B553E2086F5C400DA940E /* CJWVideoListPlay.app */,
				1B3B55562086F5C400DA940E /* CJWVideoListPlayTests.xctest */,
				1B3B55612086F5C400DA940E /* CJWVideoListPlayUITests.xctest */,
			);
			name = Products;
			sourceTree = "<group>";
		};
		1B3B55402086F5C400DA940E /* CJWVideoListPlay */ = {
			isa = PBXGroup;
			children = (
				1B3B55412086F5C400DA940E /* AppDelegate.h */,
				1B3B55422086F5C400DA940E /* AppDelegate.m */,
				1B3B55442086F5C400DA940E /* ViewController.h */,
				1B3B55452086F5C400DA940E /* ViewController.m */,
				1B3B55472086F5C400DA940E /* Main.storyboard */,
				1B3B554A2086F5C400DA940E /* Assets.xcassets */,
				1B3B554C2086F5C400DA940E /* LaunchScreen.storyboard */,
				1B3B554F2086F5C400DA940E /* Info.plist */,
				1B3B55502086F5C400DA940E /* main.m */,
			);
			path = CJWVideoListPlay;
			sourceTree = "<group>";
		};
		1B3B55592086F5C400DA940E /* CJWVideoListPlayTests */ = {
			isa = PBXGroup;
			children = (
				1B3B555A2086F5C400DA940E /* CJWVideoListPlayTests.m */,
				1B3B555C2086F5C400DA940E /* Info.plist */,
			);
			path = CJWVideoListPlayTests;
			sourceTree = "<group>";
		};
		1B3B55642086F5C400DA940E /* CJWVideoListPlayUITests */ = {
			isa = PBXGroup;
			children = (
				1B3B55652086F5C400DA940E /* CJWVideoListPlayUITests.m */,
				1B3B55672086F5C400DA940E /* Info.plist */,
			);
			path = CJWVideoListPlayUITests;
			sourceTree = "<group>";
		};
/* End PBXGroup section */

/* Begin PBXNativeTarget section */
		1B3B553D2086F5C400DA940E /* CJWVideoListPlay */ = {
			isa = PBXNativeTarget;
			buildConfigurationList = 1B3B556A2086F5C400DA940E /* Build configuration list for PBXNativeTarget "CJWVideoListPlay" */;
			buildPhases = (
				1B3B553A2086F5C400DA940E /* Sources */,
				1B3B553B2086F5C400DA940E /* Frameworks */,
				1B3B553C2086F5C400DA940E /* Resources */,
			);
			buildRules = (
			);
			dependencies = (
			);
			name = CJWVideoListPlay;
			productName = CJWVideoListPlay;
			productReference = 1B3B553E2086F5C400DA940E /* CJWVideoListPlay.app */;
			productType = "com.apple.product-type.application";
		};
		1B3B55552086F5C400DA940E /* CJWVideoListPlayTests */ = {
			isa = PBXNativeTarget;
			buildConfigurationList = 1B3B556D2086F5C400DA940E /* Build configuration list for PBXNativeTarget "CJWVideoListPlayTests" */;
			buildPhases = (
				1B3B55522086F5C400DA940E /* Sources */,
				1B3B55532086F5C400DA940E /* Frameworks */,
				1B3B55542086F5C400DA940E /* Resources */,
			);
			buildRules = (
			);
			dependencies = (
				1B3B55582086F5C400DA940E /* PBXTargetDependency */,
			);
			name = CJWVideoListPlayTests;
			productName = CJWVideoListPlayTests;
			productReference = 1B3B55562086F5C400DA940E /* CJWVideoListPlayTests.xctest */;
			productType = "com.apple.product-type.bundle.unit-test";
		};
		1B3B55602086F5C400DA940E /* CJWVideoListPlayUITests */ = {
			isa = PBXNativeTarget;
			buildConfigurationList = 1B3B55702086F5C400DA940E /* Build configuration list for PBXNativeTarget "CJWVideoListPlayUITests" */;
			buildPhases = (
				1B3B555D2086F5C400DA940E /* Sources */,
				1B3B555E2086F5C400DA940E /* Frameworks */,
				1B3B555F2086F5C400DA940E /* Resources */,
			);
			buildRules = (
			);
			dependencies = (
				1B3B55632086F5C400DA940E /* PBXTargetDependency */,
			);
			name = CJWVideoListPlayUITests;
			productName = CJWVideoListPlayUITests;
			productReference = 1B3B55612086F5C400DA940E /* CJWVideoListPlayUITests.xctest */;
			productType = "com.apple.product-type.bundle.ui-testing";
		};
/* End PBXNativeTarget section */

/* Begin PBXProject section */
		1B3B55362086F5C400DA940E /* Project object */ = {
			isa = PBXProject;
			attributes = {
				LastUpgradeCheck = 0910;
				ORGANIZATIONNAME = CJW;
				TargetAttributes = {
					1B3B553D2086F5C400DA940E = {
						CreatedOnToolsVersion = 9.1;
						ProvisioningStyle = Automatic;
					};
					1B3B55552086F5C400DA940E = {
						CreatedOnToolsVersion = 9.1;
						ProvisioningStyle = Automatic;
						TestTargetID = 1B3B553D2086F5C400DA940E;
					};
					1B3B55602086F5C400DA940E = {
						CreatedOnToolsVersion = 9.1;
						ProvisioningStyle = Automatic;
						TestTargetID = 1B3B553D2086F5C400DA940E;
					};
				};
			};
			buildConfigurationList = 1B3B55392086F5C400DA940E /* Build configuration list for PBXProject "CJWVideoListPlay" */;
			compatibilityVersion = "Xcode 8.0";
			developmentRegion = en;
			hasScannedForEncodings = 0;
			knownRegions = (
				en,
				Base,
			);
			mainGroup = 1B3B55352086F5C400DA940E;
			productRefGroup = 1B3B553F2086F5C400DA940E /* Products */;
			projectDirPath = "";
			projectRoot = "";
			targets = (
				1B3B553D2086F5C400DA940E /* CJWVideoListPlay */,
				1B3B55552086F5C400DA940E /* CJWVideoListPlayTests */,
				1B3B55602086F5C400DA940E /* CJWVideoListPlayUITests */,
			);
		};
/* End PBXProject section */

/* Begin PBXResourcesBuildPhase section */
		1B3B553C2086F5C400DA940E /* Resources */ = {
			isa = PBXResourcesBuildPhase;
			buildActionMask = 2147483647;
			files = (
				1B3B554E2086F5C400DA940E /* LaunchScreen.storyboard in Resources */,
				1B3B554B2086F5C400DA940E /* Assets.xcassets in Resources */,
				1B3B55492086F5C400DA940E /* Main.storyboard in Resources */,
			);
			runOnlyForDeploymentPostprocessing = 0;
		};
		1B3B55542086F5C400DA940E /* Resources */ = {
			isa = PBXResourcesBuildPhase;
			buildActionMask = 2147483647;
			files = (
			);
			runOnlyForDeploymentPostprocessing = 0;
		};
		1B3B555F2086F5C400DA940E /* Resources */ = {
			isa = PBXResourcesBuildPhase;
			buildActionMask = 2147483647;
			files = (
			);
			runOnlyForDeploymentPostprocessing = 0;
		};
/* End PBXResourcesBuildPhase section */

/* Begin PBXSourcesBuildPhase section */
		1B3B553A2086F5C400DA940E /* Sources */ = {
			isa = PBXSourcesBuildPhase;
			buildActionMask = 2147483647;
			files = (
				1B3B55462086F5C400DA940E /* ViewController.m in Sources */,
				1B3B55512086F5C400DA940E /* main.m in Sources */,
				1B3B55432086F5C400DA940E /* AppDelegate.m in Sources */,
			);
			runOnlyForDeploymentPostprocessing = 0;
		};
		1B3B55522086F5C400DA940E /* Sources */ = {
			isa = PBXSourcesBuildPhase;
			buildActionMask = 2147483647;
			files = (
				1B3B555B2086F5C400DA940E /* CJWVideoListPlayTests.m in Sources */,
			);
			runOnlyForDeploymentPostprocessing = 0;
		};
		1B3B555D2086F5C400DA940E /* Sources */ = {
			isa = PBXSourcesBuildPhase;
			buildActionMask = 2147483647;
			files = (
				1B3B55662086F5C400DA940E /* CJWVideoListPlayUITests.m in Sources */,
			);
			runOnlyForDeploymentPostprocessing = 0;
		};
/* End PBXSourcesBuildPhase section */

/* Begin PBXTargetDependency section */
		1B3B55582086F5C400DA940E /* PBXTargetDependency */ = {
			isa = PBXTargetDependency;
			target = 1B3B553D2086F5C400DA940E /* CJWVideoListPlay */;
			targetProxy = 1B3B55572086F5C400DA940E /* PBXContainerItemProxy */;
		};
		1B3B55632086F5C400DA940E /* PBXTargetDependency */ = {
			isa = PBXTargetDependency;
			target = 1B3B553D2086F5C400DA940E /* CJWVideoListPlay */;
			targetProxy = 1B3B55622086F5C400DA940E /* PBXContainerItemProxy */;
		};
/* End PBXTargetDependency section */

/* Begin PBXVariantGroup section */
		1B3B55472086F5C400DA940E /* Main.storyboard */ = {
			isa = PBXVariantGroup;
			children = (
				1B3B55482086F5C400DA940E /* Base */,
			);
			name = Main.storyboard;
			sourceTree = "<group>";
		};
		1B3B554C2086F5C400DA940E /* LaunchScreen.storyboard */ = {
			isa = PBXVariantGroup;
			children = (
				1B3B554D2086F5C400DA940E /* Base */,
			);
			name = LaunchScreen.storyboard;
			sourceTree = "<group>";
		};
/* End PBXVariantGroup section */

/* Begin XCBuildConfiguration section */
		1B3B55682086F5C400DA940E /* Debug */ = {
			isa = XCBuildConfiguration;
			buildSettings = {
				ALWAYS_SEARCH_USER_PATHS = NO;
				CLANG_ANALYZER_NONNULL = YES;
				CLANG_ANALYZER_NUMBER_OBJECT_CONVERSION = YES_AGGRESSIVE;
				CLANG_CXX_LANGUAGE_STANDARD = "gnu++14";
				CLANG_CXX_LIBRARY = "libc++";
				CLANG_ENABLE_MODULES = YES;
				CLANG_ENABLE_OBJC_ARC = YES;
				CLANG_WARN_BLOCK_CAPTURE_AUTORELEASING = YES;
				CLANG_WARN_BOOL_CONVERSION = YES;
				CLANG_WARN_COMMA = YES;
				CLANG_WARN_CONSTANT_CONVERSION = YES;
				CLANG_WARN_DIRECT_OBJC_ISA_USAGE = YES_ERROR;
				CLANG_WARN_DOCUMENTATION_COMMENTS = YES;
				CLANG_WARN_EMPTY_BODY = YES;
				CLANG_WARN_ENUM_CONVERSION = YES;
				CLANG_WARN_INFINITE_RECURSION = YES;
				CLANG_WARN_INT_CONVERSION = YES;
				CLANG_WARN_NON_LITERAL_NULL_CONVERSION = YES;
				CLANG_WARN_OBJC_LITERAL_CONVERSION = YES;
				CLANG_WARN_OBJC_ROOT_CLASS = YES_ERROR;
				CLANG_WARN_RANGE_LOOP_ANALYSIS = YES;
				CLANG_WARN_STRICT_PROTOTYPES = YES;
				CLANG_WARN_SUSPICIOUS_MOVE = YES;
				CLANG_WARN_UNGUARDED_AVAILABILITY = YES_AGGRESSIVE;
				CLANG_WARN_UNREACHABLE_CODE = YES;
				CLANG_WARN__DUPLICATE_METHOD_MATCH = YES;
				CODE_SIGN_IDENTITY = "iPhone Developer";
				COPY_PHASE_STRIP = NO;
				DEBUG_INFORMATION_FORMAT = dwarf;
				ENABLE_STRICT_OBJC_MSGSEND = YES;
				ENABLE_TESTABILITY = YES;
				GCC_C_LANGUAGE_STANDARD = gnu11;
				GCC_DYNAMIC_NO_PIC = NO;
				GCC_NO_COMMON_BLOCKS = YES;
				GCC_OPTIMIZATION_LEVEL = 0;
				GCC_PREPROCESSOR_DEFINITIONS = (
					"DEBUG=1",
					"$(inherited)",
				);
				GCC_WARN_64_TO_32_BIT_CONVERSION = YES;
				GCC_WARN_ABOUT_RETURN_TYPE = YES_ERROR;
				GCC_WARN_UNDECLARED_SELECTOR = YES;
				GCC_WARN_UNINITIALIZED_AUTOS = YES_AGGRESSIVE;
				GCC_WARN_UNUSED_FUNCTION = YES;
				GCC_WARN_UNUSED_VARIABLE = YES;
				IPHONEOS_DEPLOYMENT_TARGET = 11.1;
				MTL_ENABLE_DEBUG_INFO = YES;
				ONLY_ACTIVE_ARCH = YES;
				SDKROOT = iphoneos;
			};
			name = Debug;
		};
		1B3B55692086F5C400DA940E /* Release */ = {
			isa = XCBuildConfiguration;
			buildSettings = {
				ALWAYS_SEARCH_USER_PATHS = NO;
				CLANG_ANALYZER_NONNULL = YES;
				CLANG_ANALYZER_NUMBER_OBJECT_CONVERSION = YES_AGGRESSIVE;
				CLANG_CXX_LANGUAGE_STANDARD = "gnu++14";
				CLANG_CXX_LIBRARY = "libc++";
				CLANG_ENABLE_MODULES = YES;
				CLANG_ENABLE_OBJC_ARC = YES;
				CLANG_WARN_BLOCK_CAPTURE_AUTORELEASING = YES;
				CLANG_WARN_BOOL_CONVERSION = YES;
				CLANG_WARN_COMMA = YES;
				CLANG_WARN_CONSTANT_CONVERSION = YES;
				CLANG_WARN_DIRECT_OBJC_ISA_USAGE = YES_ERROR;
				CLANG_WARN_DOCUMENTATION_COMMENTS = YES;
				CLANG_WARN_EMPTY_BODY = YES;
				CLANG_WARN_ENUM_CONVERSION = YES;
				CLANG_WARN_INFINITE_RECURSION = YES;
				CLANG_WARN_INT_CONVERSION = YES;
				CLANG_WARN_NON_LITERAL_NULL_CONVERSION = YES;
				CLANG_WARN_OBJC_LITERAL_CONVERSION = YES;
				CLANG_WARN_OBJC_ROOT_CLASS = YES_ERROR;
				CLANG_WARN_RANGE_LOOP_ANALYSIS = YES;
				CLANG_WARN_STRICT_PROTOTYPES = YES;
				CLANG_WARN_SUSPICIOUS_MOVE = YES;
				CLANG_WARN_UNGUARDED_AVAILABILITY = YES_AGGRESSIVE;
				CLANG_WARN_UNREACHABLE_CODE = YES;
				CLANG_WARN__DUPLICATE_METHOD_MATCH = YES;
				CODE_SIGN_IDENTITY = "iPhone Developer";
				COPY_PHASE_STRIP = NO;
				DEBUG_INFORMATION_FORMAT = "dwarf-with-dsym";
				ENABLE_NS_ASSERTIONS = NO;
				ENABLE_STRICT_OBJC_MSGSEND = YES;
				GCC_C_LANGUAGE_STANDARD = gnu11;
				GCC_NO_COMMON_BLOCKS = YES;
				GCC_WARN_64_TO_32_BIT_CONVERSION = YES;
				GCC_WARN_ABOUT_RETURN_TYPE = YES_ERROR;
				GCC_WARN_UNDECLARED_SELECTOR = YES;
				GCC_WARN_UNINITIALIZED_AUTOS = YES_AGGRESSIVE;
				GCC_WARN_UNUSED_FUNCTION = YES;
				GCC_WARN_UNUSED_VARIABLE = YES;
				IPHONEOS_DEPLOYMENT_TARGET = 11.1;
				MTL_ENABLE_DEBUG_INFO = NO;
				SDKROOT = iphoneos;
				VALIDATE_PRODUCT = YES;
			};
			name = Release;
		};
		1B3B556B2086F5C400DA940E /* Debug */ = {
			isa = XCBuildConfiguration;
			buildSettings = {
				ASSETCATALOG_COMPILER_APPICON_NAME = AppIcon;
				CODE_SIGN_STYLE = Automatic;
				INFOPLIST_FILE = CJWVideoListPlay/Info.plist;
				LD_RUNPATH_SEARCH_PATHS = "$(inherited) @executable_path/Frameworks";
				PRODUCT_BUNDLE_IDENTIFIER = comzjfae.newapp.CJWVideoListPlay;
				PRODUCT_NAME = "$(TARGET_NAME)";
				TARGETED_DEVICE_FAMILY = "1,2";
			};
			name = Debug;
		};
		1B3B556C2086F5C400DA940E /* Release */ = {
			isa = XCBuildConfiguration;
			buildSettings = {
				ASSETCATALOG_COMPILER_APPICON_NAME = AppIcon;
				CODE_SIGN_STYLE = Automatic;
				INFOPLIST_FILE = CJWVideoListPlay/Info.plist;
				LD_RUNPATH_SEARCH_PATHS = "$(inherited) @executable_path/Frameworks";
				PRODUCT_BUNDLE_IDENTIFIER = comzjfae.newapp.CJWVideoListPlay;
				PRODUCT_NAME = "$(TARGET_NAME)";
				TARGETED_DEVICE_FAMILY = "1,2";
			};
			name = Release;
		};
		1B3B556E2086F5C400DA940E /* Debug */ = {
			isa = XCBuildConfiguration;
			buildSettings = {
				BUNDLE_LOADER = "$(TEST_HOST)";
				CODE_SIGN_STYLE = Automatic;
				INFOPLIST_FILE = CJWVideoListPlayTests/Info.plist;
				LD_RUNPATH_SEARCH_PATHS = "$(inherited) @executable_path/Frameworks @loader_path/Frameworks";
				PRODUCT_BUNDLE_IDENTIFIER = comzjfae.newapp.CJWVideoListPlayTests;
				PRODUCT_NAME = "$(TARGET_NAME)";
				TARGETED_DEVICE_FAMILY = "1,2";
				TEST_HOST = "$(BUILT_PRODUCTS_DIR)/CJWVideoListPlay.app/CJWVideoListPlay";
			};
			name = Debug;
		};
		1B3B556F2086F5C400DA940E /* Release */ = {
			isa = XCBuildConfiguration;
			buildSettings = {
				BUNDLE_LOADER = "$(TEST_HOST)";
				CODE_SIGN_STYLE = Automatic;
				INFOPLIST_FILE = CJWVideoListPlayTests/Info.plist;
				LD_RUNPATH_SEARCH_PATHS = "$(inherited) @executable_path/Frameworks @loader_path/Frameworks";
				PRODUCT_BUNDLE_IDENTIFIER = comzjfae.newapp.CJWVideoListPlayTests;
				PRODUCT_NAME = "$(TARGET_NAME)";
				TARGETED_DEVICE_FAMILY = "1,2";
				TEST_HOST = "$(BUILT_PRODUCTS_DIR)/CJWVideoListPlay.app/CJWVideoListPlay";
			};
			name = Release;
		};
		1B3B55712086F5C400DA940E /* Debug */ = {
			isa = XCBuildConfiguration;
			buildSettings = {
				CODE_SIGN_STYLE = Automatic;
				INFOPLIST_FILE = CJWVideoListPlayUITests/Info.plist;
				LD_RUNPATH_SEARCH_PATHS = "$(inherited) @executable_path/Frameworks @loader_path/Frameworks";
				PRODUCT_BUNDLE_IDENTIFIER = comzjfae.newapp.CJWVideoListPlayUITests;
				PRODUCT_NAME = "$(TARGET_NAME)";
				TARGETED_DEVICE_FAMILY = "1,2";
				TEST_TARGET_NAME = CJWVideoListPlay;
			};
			name = Debug;
		};
		1B3B55722086F5C400DA940E /* Release */ = {
			isa = XCBuildConfiguration;
			buildSettings = {
				CODE_SIGN_STYLE = Automatic;
				INFOPLIST_FILE = CJWVideoListPlayUITests/Info.plist;
				LD_RUNPATH_SEARCH_PATHS = "$(inherited) @executable_path/Frameworks @loader_path/Frameworks";
				PRODUCT_BUNDLE_IDENTIFIER = comzjfae.newapp.CJWVideoListPlayUITests;
				PRODUCT_NAME = "$(TARGET_NAME)";
				TARGETED_DEVICE_FAMILY = "1,2";
				TEST_TARGET_NAME = CJWVideoListPlay;
			};
			name = Release;
		};
/* End XCBuildConfiguration section */

/* Begin XCConfigurationList section */
		1B3B55392086F5C400DA940E /* Build configuration list for PBXProject "CJWVideoListPlay" */ = {
			isa = XCConfigurationList;
			buildConfigurations = (
				1B3B55682086F5C400DA940E /* Debug */,
				1B3B55692086F5C400DA940E /* Release */,
			);
			defaultConfigurationIsVisible = 0;
			defaultConfigurationName = Release;
		};
		1B3B556A2086F5C400DA940E /* Build configuration list for PBXNativeTarget "CJWVideoListPlay" */ = {
			isa = XCConfigurationList;
			buildConfigurations = (
				1B3B556B2086F5C400DA940E /* Debug */,
				1B3B556C2086F5C400DA940E /* Release */,
			);
			defaultConfigurationIsVisible = 0;
			defaultConfigurationName = Release;
		};
		1B3B556D2086F5C400DA940E /* Build configuration list for PBXNativeTarget "CJWVideoListPlayTests" */ = {
			isa = XCConfigurationList;
			buildConfigurations = (
				1B3B556E2086F5C400DA940E /* Debug */,
				1B3B556F2086F5C400DA940E /* Release */,
			);
			defaultConfigurationIsVisible = 0;
			defaultConfigurationName = Release;
		};
		1B3B55702086F5C400DA940E /* Build configuration list for PBXNativeTarget "CJWVideoListPlayUITests" */ = {
			isa = XCConfigurationList;
			buildConfigurations = (
				1B3B55712086F5C400DA940E /* Debug */,
				1B3B55722086F5C400DA940E /* Release */,
			);
			defaultConfigurationIsVisible = 0;
			defaultConfigurationName = Release;
		};
/* End XCConfigurationList section */
	};
	rootObject = 1B3B55362086F5C400DA940E /* Project object */;
}
